
Microsoft Visual Studio Solution File, Format Version 12.00
# Visual Studio 15
VisualStudioVersion = 15.0.28307.1145
MinimumVisualStudioVersion = 10.0.40219.1
Project("{FAE04EC0-301F-11D3-BF4B-00C04F79EFBC}") = "JobBoard.UI.MVC", "JobBoard.UI.MVC\JobBoard.UI.MVC.csproj", "{13529204-6651-4A95-98D5-7043D114D318}"
EndProject
Project("{FAE04EC0-301F-11D3-BF4B-00C04F79EFBC}") = "JobBoard.DATA.EF", "JobBoard.DATA.EF\JobBoard.DATA.EF.csproj", "{A4DE7C83-EAE8-40A1-A577-59880CF754CF}"
EndProject
Global
	GlobalSection(SolutionConfigurationPlatforms) = preSolution
		Debug|Any CPU = Debug|Any CPU
		Release|Any CPU = Release|Any CPU
	EndGlobalSection
	GlobalSection(ProjectConfigurationPlatforms) = postSolution
		{13529204-6651-4A95-98D5-7043D114D318}.Debug|Any CPU.ActiveCfg = Debug|Any CPU
		{13529204-6651-4A95-98D5-7043D114D318}.Debug|Any CPU.Build.0 = Debug|Any CPU
		{13529204-6651-4A95-98D5-7043D114D318}.Release|Any CPU.ActiveCfg = Release|Any CPU
		{13529204-6651-4A95-98D5-7043D114D318}.Release|Any CPU.Build.0 = Release|Any CPU
		{A4DE7C83-EAE8-40A1-A577-59880CF754CF}.Debug|Any CPU.ActiveCfg = Debug|Any CPU
		{A4DE7C83-EAE8-40A1-A577-59880CF754CF}.Debug|Any CPU.Build.0 = Debug|Any CPU
		{A4DE7C83-EAE8-40A1-A577-59880CF754CF}.Release|Any CPU.ActiveCfg = Release|Any CPU
		{A4DE7C83-EAE8-40A1-A577-59880CF754CF}.Release|Any CPU.Build.0 = Release|Any CPU
	EndGlobalSection
	GlobalSection(SolutionProperties) = preSolution
		HideSolutionNode = FALSE
	EndGlobalSection
	GlobalSection(ExtensibilityGlobals) = postSolution
		SolutionGuid = {A9FDDE7E-03CA-464D-85F2-3E6BC3E57650}
	EndGlobalSection
EndGlobal
